
Microsoft Visual Studio Solution File, Format Version 11.00
# Visual Studio 2010
Project("{2150E333-8FDC-42A3-9474-1A3956D46DE8}") = "Solution Items", "Solution Items", "{20B5E173-C3C4-49F8-BD25-E69044075B4D}"
	ProjectSection(SolutionItems) = preProject
		..\build.proj = ..\build.proj
		..\projecttemplates\DotNetOpenAuth Starter Kits.vscontent = ..\projecttemplates\DotNetOpenAuth Starter Kits.vscontent
		..\LICENSE.txt = ..\LICENSE.txt
		..\doc\README.Bin.html = ..\doc\README.Bin.html
		..\doc\README.html = ..\doc\README.html
		..\samples\README.html = ..\samples\README.html
	EndProjectSection
EndProject
Project("{2150E333-8FDC-42A3-9474-1A3956D46DE8}") = "Specs", "Specs", "{CD57219F-24F4-4136-8741-6063D0D7A031}"
	ProjectSection(SolutionItems) = preProject
		..\doc\specs\ICAM_OpenID20Profile.pdf = ..\doc\specs\ICAM_OpenID20Profile.pdf
		..\doc\specs\OAuth Core 1.0.htm = ..\doc\specs\OAuth Core 1.0.htm
		..\doc\specs\OAuth Core 1.0a %28Draft 3%29.htm = ..\doc\specs\OAuth Core 1.0a %28Draft 3%29.htm
		..\doc\specs\OpenID OAuth Extension.htm = ..\doc\specs\OpenID OAuth Extension.htm
		..\doc\specs\openid-attribute-exchange-1_0.html = ..\doc\specs\openid-attribute-exchange-1_0.html
		..\doc\specs\openid-authentication-1_1.html = ..\doc\specs\openid-authentication-1_1.html
		..\doc\specs\openid-authentication-2_0.html = ..\doc\specs\openid-authentication-2_0.html
		..\doc\specs\openid-provider-authentication-policy-extension-1_0-02.html = ..\doc\specs\openid-provider-authentication-policy-extension-1_0-02.html
		..\doc\specs\openid-simple-registration-extension-1_0.html = ..\doc\specs\openid-simple-registration-extension-1_0.html
		..\doc\specs\openid_ui_extension_draft01.html = ..\doc\specs\openid_ui_extension_draft01.html
	EndProjectSection
EndProject
Project("{FAE04EC0-301F-11D3-BF4B-00C04F79EFBC}") = "DotNetOpenAuth.Mono", "DotNetOpenAuth\DotNetOpenAuth.Mono.csproj", "{65A33A56-2B1E-4560-8143-45EB1F57F283}"
EndProject
Global
	GlobalSection(SolutionConfigurationPlatforms) = preSolution
		CodeAnalysis|Any CPU = CodeAnalysis|Any CPU
		Debug|Any CPU = Debug|Any CPU
		Release|Any CPU = Release|Any CPU
	EndGlobalSection
	GlobalSection(ProjectConfigurationPlatforms) = postSolution
		{65A33A56-2B1E-4560-8143-45EB1F57F283}.CodeAnalysis|Any CPU.ActiveCfg = CodeAnalysis|Any CPU
		{65A33A56-2B1E-4560-8143-45EB1F57F283}.CodeAnalysis|Any CPU.Build.0 = CodeAnalysis|Any CPU
		{65A33A56-2B1E-4560-8143-45EB1F57F283}.Debug|Any CPU.ActiveCfg = Debug|Any CPU
		{65A33A56-2B1E-4560-8143-45EB1F57F283}.Debug|Any CPU.Build.0 = Debug|Any CPU
		{65A33A56-2B1E-4560-8143-45EB1F57F283}.Release|Any CPU.ActiveCfg = Release|Any CPU
		{65A33A56-2B1E-4560-8143-45EB1F57F283}.Release|Any CPU.Build.0 = Release|Any CPU
		{4376ECC9-C346-4A99-B13C-FA93C0FBD2C9}.CodeAnalysis|Any CPU.ActiveCfg = CodeAnalysis|Any CPU
		{4376ECC9-C346-4A99-B13C-FA93C0FBD2C9}.CodeAnalysis|Any CPU.Build.0 = CodeAnalysis|Any CPU
		{4376ECC9-C346-4A99-B13C-FA93C0FBD2C9}.Debug|Any CPU.ActiveCfg = Debug|Any CPU
		{4376ECC9-C346-4A99-B13C-FA93C0FBD2C9}.Debug|Any CPU.Build.0 = Debug|Any CPU
		{4376ECC9-C346-4A99-B13C-FA93C0FBD2C9}.Release|Any CPU.ActiveCfg = Release|Any CPU
		{4376ECC9-C346-4A99-B13C-FA93C0FBD2C9}.Release|Any CPU.Build.0 = Release|Any CPU
		{AA78D112-D889-414B-A7D4-467B34C7B663}.CodeAnalysis|Any CPU.ActiveCfg = CodeAnalysis|Any CPU
		{AA78D112-D889-414B-A7D4-467B34C7B663}.CodeAnalysis|Any CPU.Build.0 = CodeAnalysis|Any CPU
		{AA78D112-D889-414B-A7D4-467B34C7B663}.Debug|Any CPU.ActiveCfg = Debug|Any CPU
		{AA78D112-D889-414B-A7D4-467B34C7B663}.Debug|Any CPU.Build.0 = Debug|Any CPU
		{AA78D112-D889-414B-A7D4-467B34C7B663}.Release|Any CPU.ActiveCfg = Release|Any CPU
		{AA78D112-D889-414B-A7D4-467B34C7B663}.Release|Any CPU.Build.0 = Release|Any CPU
		{47A84EF7-68C3-4D47-926A-9CCEA6518531}.CodeAnalysis|Any CPU.ActiveCfg = Debug|Any CPU
		{47A84EF7-68C3-4D47-926A-9CCEA6518531}.CodeAnalysis|Any CPU.Build.0 = Debug|Any CPU
		{47A84EF7-68C3-4D47-926A-9CCEA6518531}.Debug|Any CPU.ActiveCfg = Debug|Any CPU
		{47A84EF7-68C3-4D47-926A-9CCEA6518531}.Debug|Any CPU.Build.0 = Debug|Any CPU
		{47A84EF7-68C3-4D47-926A-9CCEA6518531}.Release|Any CPU.ActiveCfg = Debug|Any CPU
		{47A84EF7-68C3-4D47-926A-9CCEA6518531}.Release|Any CPU.Build.0 = Debug|Any CPU
		{2A59DE0A-B76A-4B42-9A33-04D34548353D}.CodeAnalysis|Any CPU.ActiveCfg = CodeAnalysis|Any CPU
		{2A59DE0A-B76A-4B42-9A33-04D34548353D}.CodeAnalysis|Any CPU.Build.0 = CodeAnalysis|Any CPU
		{2A59DE0A-B76A-4B42-9A33-04D34548353D}.Debug|Any CPU.ActiveCfg = Debug|Any CPU
		{2A59DE0A-B76A-4B42-9A33-04D34548353D}.Debug|Any CPU.Build.0 = Debug|Any CPU
		{2A59DE0A-B76A-4B42-9A33-04D34548353D}.Release|Any CPU.ActiveCfg = Release|Any CPU
		{2A59DE0A-B76A-4B42-9A33-04D34548353D}.Release|Any CPU.Build.0 = Release|Any CPU
		{AEA29D4D-396F-47F6-BC81-B58D4B855245}.CodeAnalysis|Any CPU.ActiveCfg = Release|Any CPU
		{AEA29D4D-396F-47F6-BC81-B58D4B855245}.CodeAnalysis|Any CPU.Build.0 = Release|Any CPU
		{AEA29D4D-396F-47F6-BC81-B58D4B855245}.Debug|Any CPU.ActiveCfg = Debug|Any CPU
		{AEA29D4D-396F-47F6-BC81-B58D4B855245}.Debug|Any CPU.Build.0 = Debug|Any CPU
		{AEA29D4D-396F-47F6-BC81-B58D4B855245}.Release|Any CPU.ActiveCfg = Release|Any CPU
		{AEA29D4D-396F-47F6-BC81-B58D4B855245}.Release|Any CPU.Build.0 = Release|Any CPU
		{6EB90284-BD15-461C-BBF2-131CF55F7C8B}.CodeAnalysis|Any CPU.ActiveCfg = Debug|Any CPU
		{6EB90284-BD15-461C-BBF2-131CF55F7C8B}.CodeAnalysis|Any CPU.Build.0 = Debug|Any CPU
		{6EB90284-BD15-461C-BBF2-131CF55F7C8B}.Debug|Any CPU.ActiveCfg = Debug|Any CPU
		{6EB90284-BD15-461C-BBF2-131CF55F7C8B}.Debug|Any CPU.Build.0 = Debug|Any CPU
		{6EB90284-BD15-461C-BBF2-131CF55F7C8B}.Release|Any CPU.ActiveCfg = Debug|Any CPU
		{6EB90284-BD15-461C-BBF2-131CF55F7C8B}.Release|Any CPU.Build.0 = Debug|Any CPU
		{07B193F1-68AD-4E9C-98AF-BEFB5E9403CB}.CodeAnalysis|Any CPU.ActiveCfg = Release|Any CPU
		{07B193F1-68AD-4E9C-98AF-BEFB5E9403CB}.CodeAnalysis|Any CPU.Build.0 = Release|Any CPU
		{07B193F1-68AD-4E9C-98AF-BEFB5E9403CB}.Debug|Any CPU.ActiveCfg = Debug|Any CPU
		{07B193F1-68AD-4E9C-98AF-BEFB5E9403CB}.Debug|Any CPU.Build.0 = Debug|Any CPU
		{07B193F1-68AD-4E9C-98AF-BEFB5E9403CB}.Release|Any CPU.ActiveCfg = Release|Any CPU
		{07B193F1-68AD-4E9C-98AF-BEFB5E9403CB}.Release|Any CPU.Build.0 = Release|Any CPU
		{1E8AEA89-BF69-47A1-B290-E8B0FE588700}.CodeAnalysis|Any CPU.ActiveCfg = CodeAnalysis|Any CPU
		{1E8AEA89-BF69-47A1-B290-E8B0FE588700}.CodeAnalysis|Any CPU.Build.0 = CodeAnalysis|Any CPU
		{1E8AEA89-BF69-47A1-B290-E8B0FE588700}.Debug|Any CPU.ActiveCfg = Debug|Any CPU
		{1E8AEA89-BF69-47A1-B290-E8B0FE588700}.Debug|Any CPU.Build.0 = Debug|Any CPU
		{1E8AEA89-BF69-47A1-B290-E8B0FE588700}.Release|Any CPU.ActiveCfg = Release|Any CPU
		{1E8AEA89-BF69-47A1-B290-E8B0FE588700}.Release|Any CPU.Build.0 = Release|Any CPU
		{BBACD972-014D-478F-9B07-56B9E1D4CC73}.CodeAnalysis|Any CPU.ActiveCfg = Debug|Any CPU
		{BBACD972-014D-478F-9B07-56B9E1D4CC73}.CodeAnalysis|Any CPU.Build.0 = Debug|Any CPU
		{BBACD972-014D-478F-9B07-56B9E1D4CC73}.Debug|Any CPU.ActiveCfg = Debug|Any CPU
		{BBACD972-014D-478F-9B07-56B9E1D4CC73}.Debug|Any CPU.Build.0 = Debug|Any CPU
		{BBACD972-014D-478F-9B07-56B9E1D4CC73}.Release|Any CPU.ActiveCfg = Debug|Any CPU
		{BBACD972-014D-478F-9B07-56B9E1D4CC73}.Release|Any CPU.Build.0 = Debug|Any CPU
		{6EC36418-DBC5-4AD1-A402-413604AA7A08}.CodeAnalysis|Any CPU.ActiveCfg = CodeAnalysis|Any CPU
		{6EC36418-DBC5-4AD1-A402-413604AA7A08}.CodeAnalysis|Any CPU.Build.0 = CodeAnalysis|Any CPU
		{6EC36418-DBC5-4AD1-A402-413604AA7A08}.Debug|Any CPU.ActiveCfg = Debug|Any CPU
		{6EC36418-DBC5-4AD1-A402-413604AA7A08}.Debug|Any CPU.Build.0 = Debug|Any CPU
		{6EC36418-DBC5-4AD1-A402-413604AA7A08}.Release|Any CPU.ActiveCfg = Release|Any CPU
		{6EC36418-DBC5-4AD1-A402-413604AA7A08}.Release|Any CPU.Build.0 = Release|Any CPU
		{9ADBE36D-9960-48F6-82E9-B4AC559E9AC3}.CodeAnalysis|Any CPU.ActiveCfg = Debug|Any CPU
		{9ADBE36D-9960-48F6-82E9-B4AC559E9AC3}.CodeAnalysis|Any CPU.Build.0 = Debug|Any CPU
		{9ADBE36D-9960-48F6-82E9-B4AC559E9AC3}.Debug|Any CPU.ActiveCfg = Debug|Any CPU
		{9ADBE36D-9960-48F6-82E9-B4AC559E9AC3}.Debug|Any CPU.Build.0 = Debug|Any CPU
		{9ADBE36D-9960-48F6-82E9-B4AC559E9AC3}.Release|Any CPU.ActiveCfg = Debug|Any CPU
		{9ADBE36D-9960-48F6-82E9-B4AC559E9AC3}.Release|Any CPU.Build.0 = Debug|Any CPU
		{7ADCCD5C-AC2B-4340-9410-FE3A31A48191}.CodeAnalysis|Any CPU.ActiveCfg = Debug|Any CPU
		{7ADCCD5C-AC2B-4340-9410-FE3A31A48191}.CodeAnalysis|Any CPU.Build.0 = Debug|Any CPU
		{7ADCCD5C-AC2B-4340-9410-FE3A31A48191}.Debug|Any CPU.ActiveCfg = Debug|Any CPU
		{7ADCCD5C-AC2B-4340-9410-FE3A31A48191}.Debug|Any CPU.Build.0 = Debug|Any CPU
		{7ADCCD5C-AC2B-4340-9410-FE3A31A48191}.Release|Any CPU.ActiveCfg = Debug|Any CPU
		{7ADCCD5C-AC2B-4340-9410-FE3A31A48191}.Release|Any CPU.Build.0 = Debug|Any CPU
		{5C65603B-235F-47E6-B536-06385C60DE7F}.CodeAnalysis|Any CPU.ActiveCfg = Release|Any CPU
		{5C65603B-235F-47E6-B536-06385C60DE7F}.CodeAnalysis|Any CPU.Build.0 = Release|Any CPU
		{5C65603B-235F-47E6-B536-06385C60DE7F}.Debug|Any CPU.ActiveCfg = Debug|Any CPU
		{5C65603B-235F-47E6-B536-06385C60DE7F}.Debug|Any CPU.Build.0 = Debug|Any CPU
		{5C65603B-235F-47E6-B536-06385C60DE7F}.Release|Any CPU.ActiveCfg = Release|Any CPU
		{5C65603B-235F-47E6-B536-06385C60DE7F}.Release|Any CPU.Build.0 = Release|Any CPU
		{A78F8FC6-7B03-4230-BE41-761E400D6810}.CodeAnalysis|Any CPU.ActiveCfg = Release|Any CPU
		{A78F8FC6-7B03-4230-BE41-761E400D6810}.CodeAnalysis|Any CPU.Build.0 = Release|Any CPU
		{A78F8FC6-7B03-4230-BE41-761E400D6810}.Debug|Any CPU.ActiveCfg = Debug|Any CPU
		{A78F8FC6-7B03-4230-BE41-761E400D6810}.Debug|Any CPU.Build.0 = Debug|Any CPU
		{A78F8FC6-7B03-4230-BE41-761E400D6810}.Release|Any CPU.ActiveCfg = Release|Any CPU
		{A78F8FC6-7B03-4230-BE41-761E400D6810}.Release|Any CPU.Build.0 = Release|Any CPU
		{17932639-1F50-48AF-B0A5-E2BF832F82CC}.CodeAnalysis|Any CPU.ActiveCfg = Release|Any CPU
		{17932639-1F50-48AF-B0A5-E2BF832F82CC}.CodeAnalysis|Any CPU.Build.0 = Release|Any CPU
		{17932639-1F50-48AF-B0A5-E2BF832F82CC}.Debug|Any CPU.ActiveCfg = Debug|Any CPU
		{17932639-1F50-48AF-B0A5-E2BF832F82CC}.Debug|Any CPU.Build.0 = Debug|Any CPU
		{17932639-1F50-48AF-B0A5-E2BF832F82CC}.Release|Any CPU.ActiveCfg = Release|Any CPU
		{17932639-1F50-48AF-B0A5-E2BF832F82CC}.Release|Any CPU.Build.0 = Release|Any CPU
		{2B4261AC-25AC-4B8D-B459-1C42B6B1401D}.CodeAnalysis|Any CPU.ActiveCfg = Debug|Any CPU
		{2B4261AC-25AC-4B8D-B459-1C42B6B1401D}.CodeAnalysis|Any CPU.Build.0 = Debug|Any CPU
		{2B4261AC-25AC-4B8D-B459-1C42B6B1401D}.CodeAnalysis|Any CPU.Deploy.0 = Debug|Any CPU
		{2B4261AC-25AC-4B8D-B459-1C42B6B1401D}.Debug|Any CPU.ActiveCfg = Debug|Any CPU
		{2B4261AC-25AC-4B8D-B459-1C42B6B1401D}.Debug|Any CPU.Build.0 = Debug|Any CPU
		{2B4261AC-25AC-4B8D-B459-1C42B6B1401D}.Debug|Any CPU.Deploy.0 = Debug|Any CPU
		{2B4261AC-25AC-4B8D-B459-1C42B6B1401D}.Release|Any CPU.ActiveCfg = Release|Any CPU
		{2B4261AC-25AC-4B8D-B459-1C42B6B1401D}.Release|Any CPU.Build.0 = Release|Any CPU
		{2B4261AC-25AC-4B8D-B459-1C42B6B1401D}.Release|Any CPU.Deploy.0 = Release|Any CPU
		{152B7BAB-E884-4A59-8067-440971A682B3}.CodeAnalysis|Any CPU.ActiveCfg = Release|Any CPU
		{152B7BAB-E884-4A59-8067-440971A682B3}.CodeAnalysis|Any CPU.Build.0 = Release|Any CPU
		{152B7BAB-E884-4A59-8067-440971A682B3}.Debug|Any CPU.ActiveCfg = Debug|Any CPU
		{152B7BAB-E884-4A59-8067-440971A682B3}.Debug|Any CPU.Build.0 = Debug|Any CPU
		{152B7BAB-E884-4A59-8067-440971A682B3}.Release|Any CPU.ActiveCfg = Release|Any CPU
		{152B7BAB-E884-4A59-8067-440971A682B3}.Release|Any CPU.Build.0 = Release|Any CPU
		{B64A1E7E-6A15-4B91-AF13-7D48F7DA5942}.CodeAnalysis|Any CPU.ActiveCfg = Release|Any CPU
		{B64A1E7E-6A15-4B91-AF13-7D48F7DA5942}.CodeAnalysis|Any CPU.Build.0 = Release|Any CPU
		{B64A1E7E-6A15-4B91-AF13-7D48F7DA5942}.Debug|Any CPU.ActiveCfg = Debug|Any CPU
		{B64A1E7E-6A15-4B91-AF13-7D48F7DA5942}.Debug|Any CPU.Build.0 = Debug|Any CPU
		{B64A1E7E-6A15-4B91-AF13-7D48F7DA5942}.Release|Any CPU.ActiveCfg = Release|Any CPU
		{B64A1E7E-6A15-4B91-AF13-7D48F7DA5942}.Release|Any CPU.Build.0 = Release|Any CPU
		{0B4EB2A8-283D-48FB-BCD0-85B8DFFE05E4}.CodeAnalysis|Any CPU.ActiveCfg = Release|Any CPU
		{0B4EB2A8-283D-48FB-BCD0-85B8DFFE05E4}.CodeAnalysis|Any CPU.Build.0 = Release|Any CPU
		{0B4EB2A8-283D-48FB-BCD0-85B8DFFE05E4}.Debug|Any CPU.ActiveCfg = Debug|Any CPU
		{0B4EB2A8-283D-48FB-BCD0-85B8DFFE05E4}.Debug|Any CPU.Build.0 = Debug|Any CPU
		{0B4EB2A8-283D-48FB-BCD0-85B8DFFE05E4}.Release|Any CPU.ActiveCfg = Release|Any CPU
		{0B4EB2A8-283D-48FB-BCD0-85B8DFFE05E4}.Release|Any CPU.Build.0 = Release|Any CPU
		{F289B925-4307-4BEC-B411-885CE70E3379}.CodeAnalysis|Any CPU.ActiveCfg = Release|Any CPU
		{F289B925-4307-4BEC-B411-885CE70E3379}.CodeAnalysis|Any CPU.Build.0 = Release|Any CPU
		{F289B925-4307-4BEC-B411-885CE70E3379}.Debug|Any CPU.ActiveCfg = Debug|Any CPU
		{F289B925-4307-4BEC-B411-885CE70E3379}.Debug|Any CPU.Build.0 = Debug|Any CPU
		{F289B925-4307-4BEC-B411-885CE70E3379}.Release|Any CPU.ActiveCfg = Release|Any CPU
		{F289B925-4307-4BEC-B411-885CE70E3379}.Release|Any CPU.Build.0 = Release|Any CPU
	EndGlobalSection
	GlobalSection(NestedProjects) = preSolution
		{CD57219F-24F4-4136-8741-6063D0D7A031} = {20B5E173-C3C4-49F8-BD25-E69044075B4D}
	EndGlobalSection
	GlobalSection(MonoDevelopProperties) = preSolution
		StartupItem = DotNetOpenAuth\DotNetOpenAuth.Mono.csproj
	EndGlobalSection
	GlobalSection(SolutionProperties) = preSolution
		HideSolutionNode = FALSE
	EndGlobalSection
EndGlobal
